
Microsoft Visual Studio Solution File, Format Version 12.00
# Visual Studio Version 17
VisualStudioVersion = 17.8.34316.72
MinimumVisualStudioVersion = 10.0.40219.1
Project("{9A19103F-16F7-4668-BE54-9A1E7A4F7556}") = "JAPP", "JAPP\JAPP\JAPP.csproj", "{6F9AC6C8-793D-4E3D-BBF5-7A2D937B6C4C}"
EndProject
Project("{9A19103F-16F7-4668-BE54-9A1E7A4F7556}") = "JAPP.Client", "JAPP\JAPP.Client\JAPP.Client.csproj", "{1E173F29-9A4C-4D12-9496-330B397423BF}"
EndProject
Global
	GlobalSection(SolutionConfigurationPlatforms) = preSolution
		Debug|Any CPU = Debug|Any CPU
		Release|Any CPU = Release|Any CPU
	EndGlobalSection
	GlobalSection(ProjectConfigurationPlatforms) = postSolution
		{6F9AC6C8-793D-4E3D-BBF5-7A2D937B6C4C}.Debug|Any CPU.ActiveCfg = Debug|Any CPU
		{6F9AC6C8-793D-4E3D-BBF5-7A2D937B6C4C}.Debug|Any CPU.Build.0 = Debug|Any CPU
		{6F9AC6C8-793D-4E3D-BBF5-7A2D937B6C4C}.Release|Any CPU.ActiveCfg = Release|Any CPU
		{6F9AC6C8-793D-4E3D-BBF5-7A2D937B6C4C}.Release|Any CPU.Build.0 = Release|Any CPU
		{1E173F29-9A4C-4D12-9496-330B397423BF}.Debug|Any CPU.ActiveCfg = Debug|Any CPU
		{1E173F29-9A4C-4D12-9496-330B397423BF}.Debug|Any CPU.Build.0 = Debug|Any CPU
		{1E173F29-9A4C-4D12-9496-330B397423BF}.Release|Any CPU.ActiveCfg = Release|Any CPU
		{1E173F29-9A4C-4D12-9496-330B397423BF}.Release|Any CPU.Build.0 = Release|Any CPU
	EndGlobalSection
	GlobalSection(SolutionProperties) = preSolution
		HideSolutionNode = FALSE
	EndGlobalSection
	GlobalSection(ExtensibilityGlobals) = postSolution
		SolutionGuid = {36A83773-0003-4997-858D-89C406D1E3CA}
	EndGlobalSection
EndGlobal
